
Microsoft Visual Studio Solution File, Format Version 12.00
# Visual Studio 15
VisualStudioVersion = 15.0.28307.329
MinimumVisualStudioVersion = 10.0.40219.1
Project("{FAE04EC0-301F-11D3-BF4B-00C04F79EFBC}") = "MockResponseAPI", "MockResponseAPI\MockResponseAPI.csproj", "{FD9F3150-5CA3-4F10-A071-8E4BB47B51E8}"
EndProject
Global
	GlobalSection(SolutionConfigurationPlatforms) = preSolution
		Debug|Any CPU = Debug|Any CPU
		Release|Any CPU = Release|Any CPU
	EndGlobalSection
	GlobalSection(ProjectConfigurationPlatforms) = postSolution
		{FD9F3150-5CA3-4F10-A071-8E4BB47B51E8}.Debug|Any CPU.ActiveCfg = Debug|Any CPU
		{FD9F3150-5CA3-4F10-A071-8E4BB47B51E8}.Debug|Any CPU.Build.0 = Debug|Any CPU
		{FD9F3150-5CA3-4F10-A071-8E4BB47B51E8}.Release|Any CPU.ActiveCfg = Release|Any CPU
		{FD9F3150-5CA3-4F10-A071-8E4BB47B51E8}.Release|Any CPU.Build.0 = Release|Any CPU
	EndGlobalSection
	GlobalSection(SolutionProperties) = preSolution
		HideSolutionNode = FALSE
	EndGlobalSection
	GlobalSection(ExtensibilityGlobals) = postSolution
		SolutionGuid = {601F7685-6750-4959-B185-EB33AE45285D}
	EndGlobalSection
EndGlobal
